
Microsoft Visual Studio Solution File, Format Version 12.00
# Visual Studio Version 16
VisualStudioVersion = 16.0.29215.179
MinimumVisualStudioVersion = 10.0.40219.1
Project("{9A19103F-16F7-4668-BE54-9A1E7A4F7556}") = "ConsoleApp1", "src\ConsoleApp1\ConsoleApp1.csproj", "{01B5C154-F292-4CDF-9AEA-68CE61CB2998}"
EndProject
Project("{9A19103F-16F7-4668-BE54-9A1E7A4F7556}") = "MvcHybridAutomaticRefresh", "src\MvcHybridAutomaticRefresh\MvcHybridAutomaticRefresh.csproj", "{C05F28FF-0D35-4B71-8765-BB2B23465635}"
EndProject
Project("{9A19103F-16F7-4668-BE54-9A1E7A4F7556}") = "Ids", "src\Ids\Ids.csproj", "{4357B1D5-265E-42F3-A31D-B7892D66A314}"
EndProject
Project("{9A19103F-16F7-4668-BE54-9A1E7A4F7556}") = "Constants", "src\Constants\Constants.csproj", "{C6FD8778-EA77-43B3-B809-6AF4E9947A9E}"
EndProject
Project("{9A19103F-16F7-4668-BE54-9A1E7A4F7556}") = "SampleApi", "src\SampleApi\SampleApi.csproj", "{2DD10550-E008-4014-8CAD-7654FB7C59D6}"
EndProject
Global
	GlobalSection(SolutionConfigurationPlatforms) = preSolution
		Debug|Any CPU = Debug|Any CPU
		Release|Any CPU = Release|Any CPU
	EndGlobalSection
	GlobalSection(ProjectConfigurationPlatforms) = postSolution
		{01B5C154-F292-4CDF-9AEA-68CE61CB2998}.Debug|Any CPU.ActiveCfg = Debug|Any CPU
		{01B5C154-F292-4CDF-9AEA-68CE61CB2998}.Debug|Any CPU.Build.0 = Debug|Any CPU
		{01B5C154-F292-4CDF-9AEA-68CE61CB2998}.Release|Any CPU.ActiveCfg = Release|Any CPU
		{01B5C154-F292-4CDF-9AEA-68CE61CB2998}.Release|Any CPU.Build.0 = Release|Any CPU
		{C05F28FF-0D35-4B71-8765-BB2B23465635}.Debug|Any CPU.ActiveCfg = Debug|Any CPU
		{C05F28FF-0D35-4B71-8765-BB2B23465635}.Debug|Any CPU.Build.0 = Debug|Any CPU
		{C05F28FF-0D35-4B71-8765-BB2B23465635}.Release|Any CPU.ActiveCfg = Release|Any CPU
		{C05F28FF-0D35-4B71-8765-BB2B23465635}.Release|Any CPU.Build.0 = Release|Any CPU
		{4357B1D5-265E-42F3-A31D-B7892D66A314}.Debug|Any CPU.ActiveCfg = Debug|Any CPU
		{4357B1D5-265E-42F3-A31D-B7892D66A314}.Debug|Any CPU.Build.0 = Debug|Any CPU
		{4357B1D5-265E-42F3-A31D-B7892D66A314}.Release|Any CPU.ActiveCfg = Release|Any CPU
		{4357B1D5-265E-42F3-A31D-B7892D66A314}.Release|Any CPU.Build.0 = Release|Any CPU
		{C6FD8778-EA77-43B3-B809-6AF4E9947A9E}.Debug|Any CPU.ActiveCfg = Debug|Any CPU
		{C6FD8778-EA77-43B3-B809-6AF4E9947A9E}.Debug|Any CPU.Build.0 = Debug|Any CPU
		{C6FD8778-EA77-43B3-B809-6AF4E9947A9E}.Release|Any CPU.ActiveCfg = Release|Any CPU
		{C6FD8778-EA77-43B3-B809-6AF4E9947A9E}.Release|Any CPU.Build.0 = Release|Any CPU
		{2DD10550-E008-4014-8CAD-7654FB7C59D6}.Debug|Any CPU.ActiveCfg = Debug|Any CPU
		{2DD10550-E008-4014-8CAD-7654FB7C59D6}.Debug|Any CPU.Build.0 = Debug|Any CPU
		{2DD10550-E008-4014-8CAD-7654FB7C59D6}.Release|Any CPU.ActiveCfg = Release|Any CPU
		{2DD10550-E008-4014-8CAD-7654FB7C59D6}.Release|Any CPU.Build.0 = Release|Any CPU
	EndGlobalSection
	GlobalSection(SolutionProperties) = preSolution
		HideSolutionNode = FALSE
	EndGlobalSection
	GlobalSection(ExtensibilityGlobals) = postSolution
		SolutionGuid = {37A75440-DA8D-4FAE-AAA9-391C78924197}
	EndGlobalSection
EndGlobal
